
Microsoft Visual Studio Solution File, Format Version 12.00
# Visual Studio Version 17
VisualStudioVersion = 17.12.35707.178
MinimumVisualStudioVersion = 10.0.40219.1
Project("{FAE04EC0-301F-11D3-BF4B-00C04F79EFBC}") = "BulkyBookWeb", "BulkyWeb\BulkyBookWeb.csproj", "{DD9883E4-E9EF-4284-BAA0-406008CBE2B4}"
EndProject
Project("{FAE04EC0-301F-11D3-BF4B-00C04F79EFBC}") = "BulkyWebRazor_Temp", "BulkyWebRazor_Temp\BulkyWebRazor_Temp.csproj", "{D7ED3F32-FCEB-4C9F-8ED0-5DDBA27DE578}"
EndProject
Project("{FAE04EC0-301F-11D3-BF4B-00C04F79EFBC}") = "BulkyBook.DataAccess", "Bulky.DataAccess\BulkyBook.DataAccess.csproj", "{E9F3EBBF-EBCE-40B5-BAF4-5D2B2A1928E4}"
EndProject
Project("{FAE04EC0-301F-11D3-BF4B-00C04F79EFBC}") = "BulkyBook.Models", "Bulky.Models\BulkyBook.Models.csproj", "{9494DFB1-0DD8-4FF6-A1B3-48E89DA1908B}"
EndProject
Project("{FAE04EC0-301F-11D3-BF4B-00C04F79EFBC}") = "BulkyBook.Utility", "Bulky.Utility\BulkyBook.Utility.csproj", "{618CCEEB-3C9F-4E52-9E9F-5F97D0BB0752}"
EndProject
Global
	GlobalSection(SolutionConfigurationPlatforms) = preSolution
		Debug|Any CPU = Debug|Any CPU
		Release|Any CPU = Release|Any CPU
	EndGlobalSection
	GlobalSection(ProjectConfigurationPlatforms) = postSolution
		{DD9883E4-E9EF-4284-BAA0-406008CBE2B4}.Debug|Any CPU.ActiveCfg = Debug|Any CPU
		{DD9883E4-E9EF-4284-BAA0-406008CBE2B4}.Debug|Any CPU.Build.0 = Debug|Any CPU
		{DD9883E4-E9EF-4284-BAA0-406008CBE2B4}.Release|Any CPU.ActiveCfg = Release|Any CPU
		{DD9883E4-E9EF-4284-BAA0-406008CBE2B4}.Release|Any CPU.Build.0 = Release|Any CPU
		{D7ED3F32-FCEB-4C9F-8ED0-5DDBA27DE578}.Debug|Any CPU.ActiveCfg = Debug|Any CPU
		{D7ED3F32-FCEB-4C9F-8ED0-5DDBA27DE578}.Debug|Any CPU.Build.0 = Debug|Any CPU
		{D7ED3F32-FCEB-4C9F-8ED0-5DDBA27DE578}.Release|Any CPU.ActiveCfg = Release|Any CPU
		{D7ED3F32-FCEB-4C9F-8ED0-5DDBA27DE578}.Release|Any CPU.Build.0 = Release|Any CPU
		{E9F3EBBF-EBCE-40B5-BAF4-5D2B2A1928E4}.Debug|Any CPU.ActiveCfg = Debug|Any CPU
		{E9F3EBBF-EBCE-40B5-BAF4-5D2B2A1928E4}.Debug|Any CPU.Build.0 = Debug|Any CPU
		{E9F3EBBF-EBCE-40B5-BAF4-5D2B2A1928E4}.Release|Any CPU.ActiveCfg = Release|Any CPU
		{E9F3EBBF-EBCE-40B5-BAF4-5D2B2A1928E4}.Release|Any CPU.Build.0 = Release|Any CPU
		{9494DFB1-0DD8-4FF6-A1B3-48E89DA1908B}.Debug|Any CPU.ActiveCfg = Debug|Any CPU
		{9494DFB1-0DD8-4FF6-A1B3-48E89DA1908B}.Debug|Any CPU.Build.0 = Debug|Any CPU
		{9494DFB1-0DD8-4FF6-A1B3-48E89DA1908B}.Release|Any CPU.ActiveCfg = Release|Any CPU
		{9494DFB1-0DD8-4FF6-A1B3-48E89DA1908B}.Release|Any CPU.Build.0 = Release|Any CPU
		{618CCEEB-3C9F-4E52-9E9F-5F97D0BB0752}.Debug|Any CPU.ActiveCfg = Debug|Any CPU
		{618CCEEB-3C9F-4E52-9E9F-5F97D0BB0752}.Debug|Any CPU.Build.0 = Debug|Any CPU
		{618CCEEB-3C9F-4E52-9E9F-5F97D0BB0752}.Release|Any CPU.ActiveCfg = Release|Any CPU
		{618CCEEB-3C9F-4E52-9E9F-5F97D0BB0752}.Release|Any CPU.Build.0 = Release|Any CPU
	EndGlobalSection
	GlobalSection(SolutionProperties) = preSolution
		HideSolutionNode = FALSE
	EndGlobalSection
EndGlobal
